PODS:
  - JadeMarble (1.4.0):
    - NattyLog (~> 1)
    - TycheSDK (= 1.4.0)
  - KeenSense (1.4.0):
    - NattyLog (~> 1)
    - NuguUtils (= 1.4.0)
    - TycheSDK (= 1.4.0)
  - lottie-ios (4.2.0)
  - NattyLog (1.2.2)
  - NuguAgents (1.4.0):
    - JadeMarble (= 1.4.0)
    - NattyLog (~> 1)
    - NuguCore (= 1.4.0)
    - NuguUtils (= 1.4.0)
    - SilverTray (= 1.4.0)
  - NuguClientKit (1.4.1-test.8):
    - KeenSense (= 1.4.0)
    - NattyLog (~> 1)
    - NuguAgents (= 1.4.0)
    - NuguCore (= 1.4.0)
    - NuguLoginKit (= 1.4.0)
    - NuguServiceKit (= 1.4.0)
    - NuguUIKit-External (= 1.4.1-test.8)
    - NuguUtils (= 1.4.0)
  - NuguCore (1.4.0):
    - NattyLog (~> 1.0)
    - NuguUtils (= 1.4.0)
    - RxSwift (~> 6)
  - NuguLoginKit (1.4.0):
    - NuguUtils (= 1.4.0)
  - NuguObjcUtils (1.4.0)
  - NuguServiceKit (1.4.0):
    - NattyLog (~> 1)
    - NuguUtils (= 1.4.0)
  - NuguUIKit-External (1.4.1-test.8):
    - lottie-ios (~> 4)
    - NattyLog (~> 1)
    - NuguAgents (= 1.4.0)
    - NuguUtils (= 1.4.0)
  - NuguUtils (1.4.0):
    - RxSwift (~> 6)
  - OpusSDK (1.4.0)
  - RxSwift (6.5.0)
  - SilverTray (1.4.0):
    - NuguObjcUtils (= 1.4.0)
    - NuguUtils (= 1.4.0)
    - OpusSDK (= 1.4.0)
  - TycheSDK (1.4.0)

DEPENDENCIES:
  - JadeMarble (from `../`)
  - KeenSense (from `../`)
  - NuguAgents (from `../`)
  - NuguClientKit (from `../`)
  - NuguCore (from `../`)
  - NuguLoginKit (from `../`)
  - NuguObjcUtils (from `../`)
  - NuguServiceKit (from `../`)
  - NuguUIKit-External (from `../`)
  - NuguUtils (from `../`)
  - OpusSDK (from `../`)
  - SilverTray (from `../`)
  - TycheSDK (from `../`)

SPEC REPOS:
  trunk:
    - lottie-ios
    - NattyLog
    - RxSwift

EXTERNAL SOURCES:
  JadeMarble:
    :path: "../"
  KeenSense:
    :path: "../"
  NuguAgents:
    :path: "../"
  NuguClientKit:
    :path: "../"
  NuguCore:
    :path: "../"
  NuguLoginKit:
    :path: "../"
  NuguObjcUtils:
    :path: "../"
  NuguServiceKit:
    :path: "../"
  NuguUIKit-External:
    :path: "../"
  NuguUtils:
    :path: "../"
  OpusSDK:
    :path: "../"
  SilverTray:
    :path: "../"
  TycheSDK:
    :path: "../"

SPEC CHECKSUMS:
  JadeMarble: 069fb63d10ebc3779826a4e8db21be95f340a6ab
  KeenSense: 654a6befa5f72357fe75ff50bb843fa47686a377
  lottie-ios: 809ecf2d460ed650a6aed7aa88b2ec45fab4779c
  NattyLog: 1a54981676b1dee3018b5e6cefed03b029212baa
  NuguAgents: 316d4827ffebe7124b0607f13dc210b23884b9fb
  NuguClientKit: 4e3fc2a73a6760e49f889522b6677ac7e528adcf
  NuguCore: abcc1507626683843d96f20c135fac2886e3c3b5
  NuguLoginKit: c5b9cb07a65cf04e1d208a72dee00e88b25ecf2e
  NuguObjcUtils: ed9766f9849c775a9b7af1d45213c43c09a2ac6f
  NuguServiceKit: c7045499164093727b7ea93e473fadea0cf68400
  NuguUIKit-External: 8768eb57838af2ee3863749725b7d6809d99c34f
  NuguUtils: 6790f3b22d5494a626139abdbe4fc5f4370f2e4b
  OpusSDK: 19fcc83c06a31aec2f7b32685c5aff098fb5dfa7
  RxSwift: 5710a9e6b17f3c3d6e40d6e559b9fa1e813b2ef8
  SilverTray: c64b14db8d4538a1c56cd5ff9e9ceae738897997
  TycheSDK: 291d6ab1d1782859cd6316173c6a4262e1c8e4f3

PODFILE CHECKSUM: c017e9b05ebb8782273a0b952ffdeaa840ea26c1

COCOAPODS: 1.12.1
